
Microsoft Visual Studio Solution File, Format Version 12.00
# Visual Studio Version 16
VisualStudioVersion = 16.0.30503.244
MinimumVisualStudioVersion = 10.0.40219.1
Project("{8BC9CEB8-8B4A-11D0-8D11-00A0C91BC942}") = "lab2", "lab2.vcxproj", "{EB4CF53F-948E-46B9-88D9-9966CB6EAF43}"
EndProject
Global
	GlobalSection(SolutionConfigurationPlatforms) = preSolution
		Debug|x64 = Debug|x64
		Debug|x86 = Debug|x86
		Release|x64 = Release|x64
		Release|x86 = Release|x86
	EndGlobalSection
	GlobalSection(ProjectConfigurationPlatforms) = postSolution
		{EB4CF53F-948E-46B9-88D9-9966CB6EAF43}.Debug|x64.ActiveCfg = Debug|x64
		{EB4CF53F-948E-46B9-88D9-9966CB6EAF43}.Debug|x64.Build.0 = Debug|x64
		{EB4CF53F-948E-46B9-88D9-9966CB6EAF43}.Debug|x86.ActiveCfg = Debug|Win32
		{EB4CF53F-948E-46B9-88D9-9966CB6EAF43}.Debug|x86.Build.0 = Debug|Win32
		{EB4CF53F-948E-46B9-88D9-9966CB6EAF43}.Release|x64.ActiveCfg = Release|x64
		{EB4CF53F-948E-46B9-88D9-9966CB6EAF43}.Release|x64.Build.0 = Release|x64
		{EB4CF53F-948E-46B9-88D9-9966CB6EAF43}.Release|x86.ActiveCfg = Release|Win32
		{EB4CF53F-948E-46B9-88D9-9966CB6EAF43}.Release|x86.Build.0 = Release|Win32
	EndGlobalSection
	GlobalSection(SolutionProperties) = preSolution
		HideSolutionNode = FALSE
	EndGlobalSection
	GlobalSection(ExtensibilityGlobals) = postSolution
		SolutionGuid = {E7170ED9-7688-40C3-8750-B9E105073B60}
	EndGlobalSection
EndGlobal
